
Microsoft Visual Studio Solution File, Format Version 12.00
# Visual Studio Version 17
VisualStudioVersion = 17.5.002.0
MinimumVisualStudioVersion = 10.0.40219.1
Project("{9A19103F-16F7-4668-BE54-9A1E7A4F7556}") = "MetoderIntro", "MetoderIntro.csproj", "{AF4E0413-1822-4ABA-849F-1BA9CFC2FD7B}"
EndProject
Global
	GlobalSection(SolutionConfigurationPlatforms) = preSolution
		Debug|Any CPU = Debug|Any CPU
		Release|Any CPU = Release|Any CPU
	EndGlobalSection
	GlobalSection(ProjectConfigurationPlatforms) = postSolution
		{AF4E0413-1822-4ABA-849F-1BA9CFC2FD7B}.Debug|Any CPU.ActiveCfg = Debug|Any CPU
		{AF4E0413-1822-4ABA-849F-1BA9CFC2FD7B}.Debug|Any CPU.Build.0 = Debug|Any CPU
		{AF4E0413-1822-4ABA-849F-1BA9CFC2FD7B}.Release|Any CPU.ActiveCfg = Release|Any CPU
		{AF4E0413-1822-4ABA-849F-1BA9CFC2FD7B}.Release|Any CPU.Build.0 = Release|Any CPU
	EndGlobalSection
	GlobalSection(SolutionProperties) = preSolution
		HideSolutionNode = FALSE
	EndGlobalSection
	GlobalSection(ExtensibilityGlobals) = postSolution
		SolutionGuid = {B1634BE3-6127-473B-8903-36F5401AC93F}
	EndGlobalSection
EndGlobal
