
Microsoft Visual Studio Solution File, Format Version 12.00
# Visual Studio Version 17
VisualStudioVersion = 17.5.002.0
MinimumVisualStudioVersion = 10.0.40219.1
Project("{9A19103F-16F7-4668-BE54-9A1E7A4F7556}") = "Slumoa stader", "Slumoa stader.csproj", "{8B019CD2-AC15-4D95-8BB1-8F1B62FF0063}"
EndProject
Global
	GlobalSection(SolutionConfigurationPlatforms) = preSolution
		Debug|Any CPU = Debug|Any CPU
		Release|Any CPU = Release|Any CPU
	EndGlobalSection
	GlobalSection(ProjectConfigurationPlatforms) = postSolution
		{8B019CD2-AC15-4D95-8BB1-8F1B62FF0063}.Debug|Any CPU.ActiveCfg = Debug|Any CPU
		{8B019CD2-AC15-4D95-8BB1-8F1B62FF0063}.Debug|Any CPU.Build.0 = Debug|Any CPU
		{8B019CD2-AC15-4D95-8BB1-8F1B62FF0063}.Release|Any CPU.ActiveCfg = Release|Any CPU
		{8B019CD2-AC15-4D95-8BB1-8F1B62FF0063}.Release|Any CPU.Build.0 = Release|Any CPU
	EndGlobalSection
	GlobalSection(SolutionProperties) = preSolution
		HideSolutionNode = FALSE
	EndGlobalSection
	GlobalSection(ExtensibilityGlobals) = postSolution
		SolutionGuid = {E11E567A-B701-4761-8C83-01A8E8E3A47A}
	EndGlobalSection
EndGlobal
